# THIS IS AN AUTOGENERATED FILE. DO NOT EDIT THIS FILE DIRECTLY.
# yarn lockfile v1


ansi-regex@^5.0.1:
  version "5.0.1"
  resolved "https://registry.npmjs.org/ansi-regex/-/ansi-regex-5.0.1.tgz"
  integrity sha512-quJQXlTSUGL2LH9SUXo8VwsY4soanhgo6LNSm84E1LBcE8s3O0wpdiRzyR9z/ZZJMlMWv37qOOb9pdJlMUEKFQ==

bun-types@^1.0.3:
  version "1.0.3"
  resolved "https://registry.yarnpkg.com/bun-types/-/bun-types-1.0.3.tgz#a39cab751be5c881bf757afc5d9e9c7ff7a797d8"
  integrity sha512-XlyKVdYCHa7K5PHYGcwOVOrGE/bMnLS51y7zFA3ZAAXyiQ6dTaNXNCWTTufgII/6ruN770uhAXphQmzvU/r2fQ==

clone@^1.0.2:
  version "1.0.4"
  resolved "https://registry.yarnpkg.com/clone/-/clone-1.0.4.tgz#da309cc263df15994c688ca902179ca3c7cd7c7e"
  integrity sha512-JQHZ2QMW6l3aH/j6xCqQThY/9OH4D/9ls34cgkUBiEeocRTU04tHfKPBsUK1PqZCUQM7GiA0IIXJSuXHI64Kbg==

columnify@^1.6.0:
  version "1.6.0"
  resolved "https://registry.yarnpkg.com/columnify/-/columnify-1.6.0.tgz#6989531713c9008bb29735e61e37acf5bd553cf3"
  integrity sha512-lomjuFZKfM6MSAnV9aCZC9sc0qGbmZdfygNv+nCpqVkSKdCxCklLtd16O0EILGkImHw9ZpHkAnHaB+8Zxq5W6Q==
  dependencies:
    strip-ansi "^6.0.1"
    wcwidth "^1.0.0"

defaults@^1.0.3:
  version "1.0.4"
  resolved "https://registry.yarnpkg.com/defaults/-/defaults-1.0.4.tgz#b0b02062c1e2aa62ff5d9528f0f98baa90978d7a"
  integrity sha512-eFuaLoy/Rxalv2kr+lqMlUnrDWV+3j4pljOIJgLIhI058IQfWJ7vXhyEIHu+HtC738klGALYxOKDO0bQP3tg8A==
  dependencies:
    clone "^1.0.2"

husky@^8.0.3:
  version "8.0.3"
  resolved "https://registry.npmjs.org/husky/-/husky-8.0.3.tgz"
  integrity sha512-+dQSyqPh4x1hlO1swXBiNb2HzTDN1I2IGLQx1GrBuiqFJfoMrnZWwVmatvSiO+Iz8fBUnf+lekwNo4c2LlXItg==

prettier@^3.0.3:
  version "3.0.3"
  resolved "https://registry.npmjs.org/prettier/-/prettier-3.0.3.tgz"
  integrity sha512-L/4pUDMxcNa8R/EthV08Zt42WBO4h1rarVtK0K+QJG0X187OLo7l699jWw0GKuwzkPQ//jMFA/8Xm6Fh3J/DAg==

strip-ansi@^6.0.1:
  version "6.0.1"
  resolved "https://registry.npmjs.org/strip-ansi/-/strip-ansi-6.0.1.tgz"
  integrity sha512-Y38VPSHcqkFrCpFnQ9vuSXmquuv5oXOKpGeT6aGrr3o3Gc9AlVa6JBfUSOCnbxGGZF+/0ooI7KrPuUSztUdU5A==
  dependencies:
    ansi-regex "^5.0.1"

wcwidth@^1.0.0:
  version "1.0.1"
  resolved "https://registry.yarnpkg.com/wcwidth/-/wcwidth-1.0.1.tgz#f0b0dcf915bc5ff1528afadb2c0e17b532da2fe8"
  integrity sha512-XHPEwS0q6TaxcvG85+8EYkbiCux2XtWG2mkc47Ng2A77BQu9+DqIOJldST4HgPkuea7dvKSj5VgX3P1d4rW8Tg==
  dependencies:
    defaults "^1.0.3"
